
Microsoft Visual Studio Solution File, Format Version 12.00
# Visual Studio Version 17
VisualStudioVersion = 17.11.35312.102
MinimumVisualStudioVersion = 10.0.40219.1
Project("{FAE04EC0-301F-11D3-BF4B-00C04F79EFBC}") = "laba33", "laba33\laba33.csproj", "{AE163572-401D-4AA0-9D2F-2B511A5A10FF}"
EndProject
Global
	GlobalSection(SolutionConfigurationPlatforms) = preSolution
		Debug|Any CPU = Debug|Any CPU
		Release|Any CPU = Release|Any CPU
	EndGlobalSection
	GlobalSection(ProjectConfigurationPlatforms) = postSolution
		{AE163572-401D-4AA0-9D2F-2B511A5A10FF}.Debug|Any CPU.ActiveCfg = Debug|Any CPU
		{AE163572-401D-4AA0-9D2F-2B511A5A10FF}.Debug|Any CPU.Build.0 = Debug|Any CPU
		{AE163572-401D-4AA0-9D2F-2B511A5A10FF}.Release|Any CPU.ActiveCfg = Release|Any CPU
		{AE163572-401D-4AA0-9D2F-2B511A5A10FF}.Release|Any CPU.Build.0 = Release|Any CPU
	EndGlobalSection
	GlobalSection(SolutionProperties) = preSolution
		HideSolutionNode = FALSE
	EndGlobalSection
	GlobalSection(ExtensibilityGlobals) = postSolution
		SolutionGuid = {043EC168-5A4A-4337-B7F6-28C3680E9692}
	EndGlobalSection
EndGlobal
